
Microsoft Visual Studio Solution File, Format Version 12.00
# Visual Studio Version 16
VisualStudioVersion = 16.0.31229.75
MinimumVisualStudioVersion = 10.0.40219.1
Project("{FAE04EC0-301F-11D3-BF4B-00C04F79EFBC}") = "Pract1_2", "Pract1_2\Pract1_2.csproj", "{42FA3093-C2D0-435D-B35F-B5927B35D850}"
EndProject
Global
	GlobalSection(SolutionConfigurationPlatforms) = preSolution
		Debug|Any CPU = Debug|Any CPU
		Release|Any CPU = Release|Any CPU
	EndGlobalSection
	GlobalSection(ProjectConfigurationPlatforms) = postSolution
		{42FA3093-C2D0-435D-B35F-B5927B35D850}.Debug|Any CPU.ActiveCfg = Debug|Any CPU
		{42FA3093-C2D0-435D-B35F-B5927B35D850}.Debug|Any CPU.Build.0 = Debug|Any CPU
		{42FA3093-C2D0-435D-B35F-B5927B35D850}.Release|Any CPU.ActiveCfg = Release|Any CPU
		{42FA3093-C2D0-435D-B35F-B5927B35D850}.Release|Any CPU.Build.0 = Release|Any CPU
	EndGlobalSection
	GlobalSection(SolutionProperties) = preSolution
		HideSolutionNode = FALSE
	EndGlobalSection
	GlobalSection(ExtensibilityGlobals) = postSolution
		SolutionGuid = {81B1D73E-D28D-467A-848B-F69B403998F5}
	EndGlobalSection
EndGlobal
